version = 1
requires-python = ">=3.12"
resolution-markers = [
    "platform_system == 'Darwin'",
    "platform_machine == 'aarch64' and platform_system == 'Linux'",
    "(platform_machine != 'aarch64' and platform_system != 'Darwin') or (platform_system != 'Darwin' and platform_system != 'Linux')",
]

[[package]]
name = "attrs"
version = "24.3.0"
source = { registry = "https://pypi.org/simple" }
sdist = { url = "https://files.pythonhosted.org/packages/48/c8/6260f8ccc11f0917360fc0da435c5c9c7504e3db174d5a12a1494887b045/attrs-24.3.0.tar.gz", hash = "sha256:8f5c07333d543103541ba7be0e2ce16eeee8130cb0b3f9238ab904ce1e85baff", size = 805984 }
wheels = [
    { url = "https://files.pythonhosted.org/packages/89/aa/ab0f7891a01eeb2d2e338ae8fecbe57fcebea1a24dbb64d45801bfab481d/attrs-24.3.0-py3-none-any.whl", hash = "sha256:ac96cd038792094f438ad1f6ff80837353805ac950cd2aa0e0625ef19850c308", size = 63397 },
]

[[package]]
name = "basilisp"
version = "0.3.5"
source = { registry = "https://pypi.org/simple" }
dependencies = [
    { name = "attrs", marker = "(platform_machine != 'aarch64' and python_full_version >= '3.12') or (platform_system != 'Linux' and python_full_version >= '3.12') or platform_system == 'Darwin' or (platform_machine == 'aarch64' and platform_system == 'Linux')" },
    { name = "immutables", marker = "(platform_machine != 'aarch64' and python_full_version >= '3.12') or (platform_system != 'Linux' and python_full_version >= '3.12') or platform_system == 'Darwin' or (platform_machine == 'aarch64' and platform_system == 'Linux')" },
    { name = "prompt-toolkit", marker = "(platform_machine != 'aarch64' and python_full_version >= '3.12') or (platform_system != 'Linux' and python_full_version >= '3.12') or platform_system == 'Darwin' or (platform_machine == 'aarch64' and platform_system == 'Linux')" },
    { name = "pyrsistent", marker = "(platform_machine != 'aarch64' and python_full_version >= '3.12') or (platform_system != 'Linux' and python_full_version >= '3.12') or platform_system == 'Darwin' or (platform_machine == 'aarch64' and platform_system == 'Linux')" },
    { name = "typing-extensions", marker = "(platform_machine != 'aarch64' and python_full_version >= '3.12') or (platform_system != 'Linux' and python_full_version >= '3.12') or platform_system == 'Darwin' or (platform_machine == 'aarch64' and platform_system == 'Linux')" },
]
sdist = { url = "https://files.pythonhosted.org/packages/0e/1a/0d2573d1ecfcdbf1264481a2ad4509afcff43677c47d11736ba326435558/basilisp-0.3.5.tar.gz", hash = "sha256:451c8dd2c238d7b86bdcc58039424558fde159009598d332d118a7d98916def8", size = 265994 }
wheels = [
    { url = "https://files.pythonhosted.org/packages/a3/d7/ea4384983f51d54d21fa4936b37d02e9196b187b78bea7d620353a718e66/basilisp-0.3.5-py3-none-any.whl", hash = "sha256:089d673bca3ded066419727ce3bbc40410dd194451792655a7431680a7927d3a", size = 295679 },
]

[[package]]
name = "immutables"
version = "0.21"
source = { registry = "https://pypi.org/simple" }
sdist = { url = "https://files.pythonhosted.org/packages/69/41/0ccaa6ef9943c0609ec5aa663a3b3e681c1712c1007147b84590cec706a0/immutables-0.21.tar.gz", hash = "sha256:b55ffaf0449790242feb4c56ab799ea7af92801a0a43f9e2f4f8af2ab24dfc4a", size = 89008 }
wheels = [
    { url = "https://files.pythonhosted.org/packages/4d/f9/0c46f600702b815182212453f5514c0070ee168b817cdf7c3767554c8489/immutables-0.21-cp312-cp312-macosx_10_13_x86_64.whl", hash = "sha256:ef1ed262094b755903122c3c3a83ad0e0d5c3ab7887cda12b2fe878769d1ee0d", size = 31885 },
    { url = "https://files.pythonhosted.org/packages/29/34/7608d2eab6179aa47e8f59ab0fbd5b3eeb2333d78c9dc2da0de8de4ed322/immutables-0.21-cp312-cp312-macosx_11_0_arm64.whl", hash = "sha256:ce604f81d9d8f26e60b52ebcb56bb5c0462c8ea50fb17868487d15f048a2f13e", size = 31537 },
    { url = "https://files.pythonhosted.org/packages/f7/52/cb9e2bb7a69338155ffabbd2f993c968c750dd2d5c6c6eaa6ebb7bfcbdfa/immutables-0.21-cp312-cp312-manylinux_2_17_aarch64.manylinux2014_aarch64.whl", hash = "sha256:b48b116aaca4500398058b5a87814857a60c4cb09417fecc12d7da0f5639b73d", size = 104270 },
    { url = "https://files.pythonhosted.org/packages/0f/a4/25df835a9b9b372a4a869a8a1ac30a32199f2b3f581ad0e249f7e3d19eed/immutables-0.21-cp312-cp312-manylinux_2_5_x86_64.manylinux1_x86_64.manylinux_2_17_x86_64.manylinux2014_x86_64.whl", hash = "sha256:dad7c0c74b285cc0e555ec0e97acbdc6f1862fcd16b99abd612df3243732e741", size = 104864 },
    { url = "https://files.pythonhosted.org/packages/4a/51/b548fbc657134d658e179ee8d201ae82d9049aba5c3cb2d858ed2ecb7e3f/immutables-0.21-cp312-cp312-musllinux_1_2_aarch64.whl", hash = "sha256:e44346e2221a5a676c880ca8e0e6429fa24d1a4ae562573f5c04d7f2e759b030", size = 99733 },
    { url = "https://files.pythonhosted.org/packages/47/db/d7b1e0e88faf07fe9a88579a86f58078a9a37fff871f4b3dbcf28cad9a12/immutables-0.21-cp312-cp312-musllinux_1_2_x86_64.whl", hash = "sha256:8b10139b529a460e53fe8be699ebd848c54c8a33ebe67763bcfcc809a475a26f", size = 101698 },
    { url = "https://files.pythonhosted.org/packages/69/2d/6fe42a1a053dd8cfb9f45e91d5246522637c7287dc6bd347f67aedf7aedb/immutables-0.21-cp312-cp312-win32.whl", hash = "sha256:fc512d808662614feb17d2d92e98f611d69669a98c7af15910acf1dc72737038", size = 30977 },
    { url = "https://files.pythonhosted.org/packages/63/45/d062aca6971e99454ce3ae42a7430037227fee961644ed1f8b6c9b99e0a5/immutables-0.21-cp312-cp312-win_amd64.whl", hash = "sha256:461dcb0f58a131045155e52a2c43de6ec2fe5ba19bdced6858a3abb63cee5111", size = 35088 },
    { url = "https://files.pythonhosted.org/packages/5e/db/60da6f5a3c3f64e0b3940c4ad86e1971d9d2eb8b13a179c26eda5ec6a298/immutables-0.21-cp313-cp313-macosx_10_13_x86_64.whl", hash = "sha256:79674b51aa8dd983f9ac55f7f67b433b1df84a6b4f28ab860588389a5659485b", size = 31922 },
    { url = "https://files.pythonhosted.org/packages/9b/89/5420f1d16a652024fcccc9c07d46d4157fcaf33ff37c82412c83fc16ef36/immutables-0.21-cp313-cp313-macosx_11_0_arm64.whl", hash = "sha256:93c8350f8f7d0d9693f708229d9d0578e6f3b785ce6da4bced1da97137aacfad", size = 31552 },
    { url = "https://files.pythonhosted.org/packages/d2/d0/a5fb7c164ddb298ec37537e618b70dfa30c7cae9fac01de374c36489cbc9/immutables-0.21-cp313-cp313-manylinux_2_17_aarch64.manylinux2014_aarch64.whl", hash = "sha256:583d2a63e444ce1538cc2bda56ae1f4a1a11473dbc0377c82b516bc7eec3b81e", size = 104334 },
    { url = "https://files.pythonhosted.org/packages/f3/a5/5fda0ee4a261a85124011ac0750fec678f00e1b2d4a5502b149a3b4d86d9/immutables-0.21-cp313-cp313-manylinux_2_5_x86_64.manylinux1_x86_64.manylinux_2_17_x86_64.manylinux2014_x86_64.whl", hash = "sha256:b274a52da9b106db55eceb93fc1aea858c4e6f4740189e3548e38613eafc2021", size = 104898 },
    { url = "https://files.pythonhosted.org/packages/93/fa/d46bfe92f2c66d35916344176ff87fa839aac9c16849652947e722b7a15f/immutables-0.21-cp313-cp313-musllinux_1_2_aarch64.whl", hash = "sha256:338bede057250b33716a3e4892e15df0bf5a5ddbf1d67ead996b3e680b49ef9e", size = 99966 },
    { url = "https://files.pythonhosted.org/packages/d7/f5/2a19e2e095f7a39d8d77dcc10669734d2d99773ce00c99bdcfeeb7d714e6/immutables-0.21-cp313-cp313-musllinux_1_2_x86_64.whl", hash = "sha256:8781c89583b68f604cf30f0978b722165824c3075888639fde771bf1a3e12dc0", size = 101773 },
    { url = "https://files.pythonhosted.org/packages/86/80/5b6ee53f836cf2067ced997efbf2ce20890627f150c3089ea50cf607e783/immutables-0.21-cp313-cp313-win32.whl", hash = "sha256:e97ea83befad873712f283c0cccd630f70cba753e207b4868af28d5b85e9dc54", size = 30988 },
    { url = "https://files.pythonhosted.org/packages/ff/07/f623e6da78368fc0b1772f4877afbf60f34c4cc93f1a8f1006507afa21ec/immutables-0.21-cp313-cp313-win_amd64.whl", hash = "sha256:cfcb23bd898f5a4ef88692b42c51f52ca7373a35ba4dcc215060a668639eb5da", size = 35147 },
]

[[package]]
name = "numpy"
version = "2.2.1"
source = { registry = "https://pypi.org/simple" }
sdist = { url = "https://files.pythonhosted.org/packages/f2/a5/fdbf6a7871703df6160b5cf3dd774074b086d278172285c52c2758b76305/numpy-2.2.1.tar.gz", hash = "sha256:45681fd7128c8ad1c379f0ca0776a8b0c6583d2f69889ddac01559dfe4390918", size = 20227662 }
wheels = [
    { url = "https://files.pythonhosted.org/packages/62/12/b928871c570d4a87ab13d2cc19f8817f17e340d5481621930e76b80ffb7d/numpy-2.2.1-cp312-cp312-macosx_10_13_x86_64.whl", hash = "sha256:694f9e921a0c8f252980e85bce61ebbd07ed2b7d4fa72d0e4246f2f8aa6642ab", size = 20909861 },
    { url = "https://files.pythonhosted.org/packages/3d/c3/59df91ae1d8ad7c5e03efd63fd785dec62d96b0fe56d1f9ab600b55009af/numpy-2.2.1-cp312-cp312-macosx_11_0_arm64.whl", hash = "sha256:3683a8d166f2692664262fd4900f207791d005fb088d7fdb973cc8d663626faa", size = 14095776 },
    { url = "https://files.pythonhosted.org/packages/af/4e/8ed5868efc8e601fb69419644a280e9c482b75691466b73bfaab7d86922c/numpy-2.2.1-cp312-cp312-macosx_14_0_arm64.whl", hash = "sha256:780077d95eafc2ccc3ced969db22377b3864e5b9a0ea5eb347cc93b3ea900315", size = 5126239 },
    { url = "https://files.pythonhosted.org/packages/1a/74/dd0bbe650d7bc0014b051f092f2de65e34a8155aabb1287698919d124d7f/numpy-2.2.1-cp312-cp312-macosx_14_0_x86_64.whl", hash = "sha256:55ba24ebe208344aa7a00e4482f65742969a039c2acfcb910bc6fcd776eb4355", size = 6659296 },
    { url = "https://files.pythonhosted.org/packages/7f/11/4ebd7a3f4a655764dc98481f97bd0a662fb340d1001be6050606be13e162/numpy-2.2.1-cp312-cp312-manylinux_2_17_aarch64.manylinux2014_aarch64.whl", hash = "sha256:9b1d07b53b78bf84a96898c1bc139ad7f10fda7423f5fd158fd0f47ec5e01ac7", size = 14047121 },
    { url = "https://files.pythonhosted.org/packages/7f/a7/c1f1d978166eb6b98ad009503e4d93a8c1962d0eb14a885c352ee0276a54/numpy-2.2.1-cp312-cp312-manylinux_2_17_x86_64.manylinux2014_x86_64.whl", hash = "sha256:5062dc1a4e32a10dc2b8b13cedd58988261416e811c1dc4dbdea4f57eea61b0d", size = 16096599 },
    { url = "https://files.pythonhosted.org/packages/3d/6d/0e22afd5fcbb4d8d0091f3f46bf4e8906399c458d4293da23292c0ba5022/numpy-2.2.1-cp312-cp312-musllinux_1_2_aarch64.whl", hash = "sha256:fce4f615f8ca31b2e61aa0eb5865a21e14f5629515c9151850aa936c02a1ee51", size = 15243932 },
    { url = "https://files.pythonhosted.org/packages/03/39/e4e5832820131ba424092b9610d996b37e5557180f8e2d6aebb05c31ae54/numpy-2.2.1-cp312-cp312-musllinux_1_2_x86_64.whl", hash = "sha256:67d4cda6fa6ffa073b08c8372aa5fa767ceb10c9a0587c707505a6d426f4e046", size = 17861032 },
    { url = "https://files.pythonhosted.org/packages/5f/8a/3794313acbf5e70df2d5c7d2aba8718676f8d054a05abe59e48417fb2981/numpy-2.2.1-cp312-cp312-win32.whl", hash = "sha256:32cb94448be47c500d2c7a95f93e2f21a01f1fd05dd2beea1ccd049bb6001cd2", size = 6274018 },
    { url = "https://files.pythonhosted.org/packages/17/c1/c31d3637f2641e25c7a19adf2ae822fdaf4ddd198b05d79a92a9ce7cb63e/numpy-2.2.1-cp312-cp312-win_amd64.whl", hash = "sha256:ba5511d8f31c033a5fcbda22dd5c813630af98c70b2661f2d2c654ae3cdfcfc8", size = 12613843 },
    { url = "https://files.pythonhosted.org/packages/20/d6/91a26e671c396e0c10e327b763485ee295f5a5a7a48c553f18417e5a0ed5/numpy-2.2.1-cp313-cp313-macosx_10_13_x86_64.whl", hash = "sha256:f1d09e520217618e76396377c81fba6f290d5f926f50c35f3a5f72b01a0da780", size = 20896464 },
    { url = "https://files.pythonhosted.org/packages/8c/40/5792ccccd91d45e87d9e00033abc4f6ca8a828467b193f711139ff1f1cd9/numpy-2.2.1-cp313-cp313-macosx_11_0_arm64.whl", hash = "sha256:3ecc47cd7f6ea0336042be87d9e7da378e5c7e9b3c8ad0f7c966f714fc10d821", size = 14111350 },
    { url = "https://files.pythonhosted.org/packages/c0/2a/fb0a27f846cb857cef0c4c92bef89f133a3a1abb4e16bba1c4dace2e9b49/numpy-2.2.1-cp313-cp313-macosx_14_0_arm64.whl", hash = "sha256:f419290bc8968a46c4933158c91a0012b7a99bb2e465d5ef5293879742f8797e", size = 5111629 },
    { url = "https://files.pythonhosted.org/packages/eb/e5/8e81bb9d84db88b047baf4e8b681a3e48d6390bc4d4e4453eca428ecbb49/numpy-2.2.1-cp313-cp313-macosx_14_0_x86_64.whl", hash = "sha256:5b6c390bfaef8c45a260554888966618328d30e72173697e5cabe6b285fb2348", size = 6645865 },
    { url = "https://files.pythonhosted.org/packages/7a/1a/a90ceb191dd2f9e2897c69dde93ccc2d57dd21ce2acbd7b0333e8eea4e8d/numpy-2.2.1-cp313-cp313-manylinux_2_17_aarch64.manylinux2014_aarch64.whl", hash = "sha256:526fc406ab991a340744aad7e25251dd47a6720a685fa3331e5c59fef5282a59", size = 14043508 },
    { url = "https://files.pythonhosted.org/packages/f1/5a/e572284c86a59dec0871a49cd4e5351e20b9c751399d5f1d79628c0542cb/numpy-2.2.1-cp313-cp313-manylinux_2_17_x86_64.manylinux2014_x86_64.whl", hash = "sha256:f74e6fdeb9a265624ec3a3918430205dff1df7e95a230779746a6af78bc615af", size = 16094100 },
    { url = "https://files.pythonhosted.org/packages/0c/2c/a79d24f364788386d85899dd280a94f30b0950be4b4a545f4fa4ed1d4ca7/numpy-2.2.1-cp313-cp313-musllinux_1_2_aarch64.whl", hash = "sha256:53c09385ff0b72ba79d8715683c1168c12e0b6e84fb0372e97553d1ea91efe51", size = 15239691 },
    { url = "https://files.pythonhosted.org/packages/cf/79/1e20fd1c9ce5a932111f964b544facc5bb9bde7865f5b42f00b4a6a9192b/numpy-2.2.1-cp313-cp313-musllinux_1_2_x86_64.whl", hash = "sha256:f3eac17d9ec51be534685ba877b6ab5edc3ab7ec95c8f163e5d7b39859524716", size = 17856571 },
    { url = "https://files.pythonhosted.org/packages/be/5b/cc155e107f75d694f562bdc84a26cc930569f3dfdfbccb3420b626065777/numpy-2.2.1-cp313-cp313-win32.whl", hash = "sha256:9ad014faa93dbb52c80d8f4d3dcf855865c876c9660cb9bd7553843dd03a4b1e", size = 6270841 },
    { url = "https://files.pythonhosted.org/packages/44/be/0e5cd009d2162e4138d79a5afb3b5d2341f0fe4777ab6e675aa3d4a42e21/numpy-2.2.1-cp313-cp313-win_amd64.whl", hash = "sha256:164a829b6aacf79ca47ba4814b130c4020b202522a93d7bff2202bfb33b61c60", size = 12606618 },
    { url = "https://files.pythonhosted.org/packages/a8/87/04ddf02dd86fb17c7485a5f87b605c4437966d53de1e3745d450343a6f56/numpy-2.2.1-cp313-cp313t-macosx_10_13_x86_64.whl", hash = "sha256:4dfda918a13cc4f81e9118dea249e192ab167a0bb1966272d5503e39234d694e", size = 20921004 },
    { url = "https://files.pythonhosted.org/packages/6e/3e/d0e9e32ab14005425d180ef950badf31b862f3839c5b927796648b11f88a/numpy-2.2.1-cp313-cp313t-macosx_11_0_arm64.whl", hash = "sha256:733585f9f4b62e9b3528dd1070ec4f52b8acf64215b60a845fa13ebd73cd0712", size = 14119910 },
    { url = "https://files.pythonhosted.org/packages/b5/5b/aa2d1905b04a8fb681e08742bb79a7bddfc160c7ce8e1ff6d5c821be0236/numpy-2.2.1-cp313-cp313t-macosx_14_0_arm64.whl", hash = "sha256:89b16a18e7bba224ce5114db863e7029803c179979e1af6ad6a6b11f70545008", size = 5153612 },
    { url = "https://files.pythonhosted.org/packages/ce/35/6831808028df0648d9b43c5df7e1051129aa0d562525bacb70019c5f5030/numpy-2.2.1-cp313-cp313t-macosx_14_0_x86_64.whl", hash = "sha256:676f4eebf6b2d430300f1f4f4c2461685f8269f94c89698d832cdf9277f30b84", size = 6668401 },
    { url = "https://files.pythonhosted.org/packages/b1/38/10ef509ad63a5946cc042f98d838daebfe7eaf45b9daaf13df2086b15ff9/numpy-2.2.1-cp313-cp313t-manylinux_2_17_aarch64.manylinux2014_aarch64.whl", hash = "sha256:27f5cdf9f493b35f7e41e8368e7d7b4bbafaf9660cba53fb21d2cd174ec09631", size = 14014198 },
    { url = "https://files.pythonhosted.org/packages/df/f8/c80968ae01df23e249ee0a4487fae55a4c0fe2f838dfe9cc907aa8aea0fa/numpy-2.2.1-cp313-cp313t-manylinux_2_17_x86_64.manylinux2014_x86_64.whl", hash = "sha256:c1ad395cf254c4fbb5b2132fee391f361a6e8c1adbd28f2cd8e79308a615fe9d", size = 16076211 },
    { url = "https://files.pythonhosted.org/packages/09/69/05c169376016a0b614b432967ac46ff14269eaffab80040ec03ae1ae8e2c/numpy-2.2.1-cp313-cp313t-musllinux_1_2_aarch64.whl", hash = "sha256:08ef779aed40dbc52729d6ffe7dd51df85796a702afbf68a4f4e41fafdc8bda5", size = 15220266 },
    { url = "https://files.pythonhosted.org/packages/f1/ff/94a4ce67ea909f41cf7ea712aebbe832dc67decad22944a1020bb398a5ee/numpy-2.2.1-cp313-cp313t-musllinux_1_2_x86_64.whl", hash = "sha256:26c9c4382b19fcfbbed3238a14abf7ff223890ea1936b8890f058e7ba35e8d71", size = 17852844 },
    { url = "https://files.pythonhosted.org/packages/46/72/8a5dbce4020dfc595592333ef2fbb0a187d084ca243b67766d29d03e0096/numpy-2.2.1-cp313-cp313t-win32.whl", hash = "sha256:93cf4e045bae74c90ca833cba583c14b62cb4ba2cba0abd2b141ab52548247e2", size = 6326007 },
    { url = "https://files.pythonhosted.org/packages/7b/9c/4fce9cf39dde2562584e4cfd351a0140240f82c0e3569ce25a250f47037d/numpy-2.2.1-cp313-cp313t-win_amd64.whl", hash = "sha256:bff7d8ec20f5f42607599f9994770fa65d76edca264a87b5e4ea5629bce12268", size = 12693107 },
]

[[package]]
name = "opencv-python"
version = "4.10.0.84"
source = { registry = "https://pypi.org/simple" }
dependencies = [
    { name = "numpy", marker = "(platform_machine != 'aarch64' and python_full_version >= '3.12') or (platform_system != 'Linux' and python_full_version >= '3.12') or platform_system == 'Darwin' or (platform_machine == 'aarch64' and platform_system == 'Linux')" },
]
sdist = { url = "https://files.pythonhosted.org/packages/4a/e7/b70a2d9ab205110d715906fc8ec83fbb00404aeb3a37a0654fdb68eb0c8c/opencv-python-4.10.0.84.tar.gz", hash = "sha256:72d234e4582e9658ffea8e9cae5b63d488ad06994ef12d81dc303b17472f3526", size = 95103981 }
wheels = [
    { url = "https://files.pythonhosted.org/packages/66/82/564168a349148298aca281e342551404ef5521f33fba17b388ead0a84dc5/opencv_python-4.10.0.84-cp37-abi3-macosx_11_0_arm64.whl", hash = "sha256:fc182f8f4cda51b45f01c64e4cbedfc2f00aff799debebc305d8d0210c43f251", size = 54835524 },
    { url = "https://files.pythonhosted.org/packages/64/4a/016cda9ad7cf18c58ba074628a4eaae8aa55f3fd06a266398cef8831a5b9/opencv_python-4.10.0.84-cp37-abi3-macosx_12_0_x86_64.whl", hash = "sha256:71e575744f1d23f79741450254660442785f45a0797212852ee5199ef12eed98", size = 56475426 },
    { url = "https://files.pythonhosted.org/packages/81/e4/7a987ebecfe5ceaf32db413b67ff18eb3092c598408862fff4d7cc3fd19b/opencv_python-4.10.0.84-cp37-abi3-manylinux_2_17_aarch64.manylinux2014_aarch64.whl", hash = "sha256:09a332b50488e2dda866a6c5573ee192fe3583239fb26ff2f7f9ceb0bc119ea6", size = 41746971 },
    { url = "https://files.pythonhosted.org/packages/3f/a4/d2537f47fd7fcfba966bd806e3ec18e7ee1681056d4b0a9c8d983983e4d5/opencv_python-4.10.0.84-cp37-abi3-manylinux_2_17_x86_64.manylinux2014_x86_64.whl", hash = "sha256:9ace140fc6d647fbe1c692bcb2abce768973491222c067c131d80957c595b71f", size = 62548253 },
    { url = "https://files.pythonhosted.org/packages/1e/39/bbf57e7b9dab623e8773f6ff36385456b7ae7fa9357a5e53db732c347eac/opencv_python-4.10.0.84-cp37-abi3-win32.whl", hash = "sha256:2db02bb7e50b703f0a2d50c50ced72e95c574e1e5a0bb35a8a86d0b35c98c236", size = 28737688 },
    { url = "https://files.pythonhosted.org/packages/ec/6c/fab8113424af5049f85717e8e527ca3773299a3c6b02506e66436e19874f/opencv_python-4.10.0.84-cp37-abi3-win_amd64.whl", hash = "sha256:32dbbd94c26f611dc5cc6979e6b7aa1f55a64d6b463cc1dcd3c95505a63e48fe", size = 38842521 },
]

[[package]]
name = "prompt-toolkit"
version = "3.0.48"
source = { registry = "https://pypi.org/simple" }
dependencies = [
    { name = "wcwidth", marker = "(platform_machine != 'aarch64' and python_full_version >= '3.12') or (platform_system != 'Linux' and python_full_version >= '3.12') or platform_system == 'Darwin' or (platform_machine == 'aarch64' and platform_system == 'Linux')" },
]
sdist = { url = "https://files.pythonhosted.org/packages/2d/4f/feb5e137aff82f7c7f3248267b97451da3644f6cdc218edfe549fb354127/prompt_toolkit-3.0.48.tar.gz", hash = "sha256:d6623ab0477a80df74e646bdbc93621143f5caf104206aa29294d53de1a03d90", size = 424684 }
wheels = [
    { url = "https://files.pythonhosted.org/packages/a9/6a/fd08d94654f7e67c52ca30523a178b3f8ccc4237fce4be90d39c938a831a/prompt_toolkit-3.0.48-py3-none-any.whl", hash = "sha256:f49a827f90062e411f1ce1f854f2aedb3c23353244f8108b89283587397ac10e", size = 386595 },
]

[[package]]
name = "pyrsistent"
version = "0.20.0"
source = { registry = "https://pypi.org/simple" }
sdist = { url = "https://files.pythonhosted.org/packages/ce/3a/5031723c09068e9c8c2f0bc25c3a9245f2b1d1aea8396c787a408f2b95ca/pyrsistent-0.20.0.tar.gz", hash = "sha256:4c48f78f62ab596c679086084d0dd13254ae4f3d6c72a83ffdf5ebdef8f265a4", size = 103642 }
wheels = [
    { url = "https://files.pythonhosted.org/packages/15/ee/ff2ed52032ac1ce2e7ba19e79bd5b05d152ebfb77956cf08fcd6e8d760ea/pyrsistent-0.20.0-cp312-cp312-macosx_10_9_universal2.whl", hash = "sha256:09848306523a3aba463c4b49493a760e7a6ca52e4826aa100ee99d8d39b7ad1e", size = 83537 },
    { url = "https://files.pythonhosted.org/packages/80/f1/338d0050b24c3132bcfc79b68c3a5f54bce3d213ecef74d37e988b971d8a/pyrsistent-0.20.0-cp312-cp312-manylinux_2_17_aarch64.manylinux2014_aarch64.whl", hash = "sha256:a14798c3005ec892bbada26485c2eea3b54109cb2533713e355c806891f63c5e", size = 122615 },
    { url = "https://files.pythonhosted.org/packages/07/3a/e56d6431b713518094fae6ff833a04a6f49ad0fbe25fb7c0dc7408e19d20/pyrsistent-0.20.0-cp312-cp312-manylinux_2_17_x86_64.manylinux2014_x86_64.whl", hash = "sha256:b14decb628fac50db5e02ee5a35a9c0772d20277824cfe845c8a8b717c15daa3", size = 122335 },
    { url = "https://files.pythonhosted.org/packages/4a/bb/5f40a4d5e985a43b43f607250e766cdec28904682c3505eb0bd343a4b7db/pyrsistent-0.20.0-cp312-cp312-manylinux_2_5_i686.manylinux1_i686.manylinux_2_17_i686.manylinux2014_i686.whl", hash = "sha256:2e2c116cc804d9b09ce9814d17df5edf1df0c624aba3b43bc1ad90411487036d", size = 118510 },
    { url = "https://files.pythonhosted.org/packages/1c/13/e6a22f40f5800af116c02c28e29f15c06aa41cb2036f6a64ab124647f28b/pyrsistent-0.20.0-cp312-cp312-win32.whl", hash = "sha256:e78d0c7c1e99a4a45c99143900ea0546025e41bb59ebc10182e947cf1ece9174", size = 60865 },
    { url = "https://files.pythonhosted.org/packages/75/ef/2fa3b55023ec07c22682c957808f9a41836da4cd006b5f55ec76bf0fbfa6/pyrsistent-0.20.0-cp312-cp312-win_amd64.whl", hash = "sha256:4021a7f963d88ccd15b523787d18ed5e5269ce57aa4037146a2377ff607ae87d", size = 63239 },
    { url = "https://files.pythonhosted.org/packages/23/88/0acd180010aaed4987c85700b7cc17f9505f3edb4e5873e4dc67f613e338/pyrsistent-0.20.0-py3-none-any.whl", hash = "sha256:c55acc4733aad6560a7f5f818466631f07efc001fd023f34a6c203f8b6df0f0b", size = 58106 },
]

[[package]]
name = "steno"
version = "0.1.0"
source = { editable = "." }
dependencies = [
    { name = "basilisp", marker = "(platform_machine != 'aarch64' and python_full_version >= '3.12') or (platform_system != 'Linux' and python_full_version >= '3.12') or platform_system == 'Darwin' or (platform_machine == 'aarch64' and platform_system == 'Linux')" },
    { name = "opencv-python", marker = "(platform_machine != 'aarch64' and python_full_version >= '3.12') or (platform_system != 'Linux' and python_full_version >= '3.12') or platform_system == 'Darwin' or (platform_machine == 'aarch64' and platform_system == 'Linux')" },
]

[package.metadata]
requires-dist = [
    { name = "basilisp", specifier = ">=0.3.5" },
    { name = "opencv-python", specifier = ">=4.10.0.84" },
]

[[package]]
name = "typing-extensions"
version = "4.12.2"
source = { registry = "https://pypi.org/simple" }
sdist = { url = "https://files.pythonhosted.org/packages/df/db/f35a00659bc03fec321ba8bce9420de607a1d37f8342eee1863174c69557/typing_extensions-4.12.2.tar.gz", hash = "sha256:1a7ead55c7e559dd4dee8856e3a88b41225abfe1ce8df57b7c13915fe121ffb8", size = 85321 }
wheels = [
    { url = "https://files.pythonhosted.org/packages/26/9f/ad63fc0248c5379346306f8668cda6e2e2e9c95e01216d2b8ffd9ff037d0/typing_extensions-4.12.2-py3-none-any.whl", hash = "sha256:04e5ca0351e0f3f85c6853954072df659d0d13fac324d0072316b67d7794700d", size = 37438 },
]

[[package]]
name = "wcwidth"
version = "0.2.13"
source = { registry = "https://pypi.org/simple" }
sdist = { url = "https://files.pythonhosted.org/packages/6c/63/53559446a878410fc5a5974feb13d31d78d752eb18aeba59c7fef1af7598/wcwidth-0.2.13.tar.gz", hash = "sha256:72ea0c06399eb286d978fdedb6923a9eb47e1c486ce63e9b4e64fc18303972b5", size = 101301 }
wheels = [
    { url = "https://files.pythonhosted.org/packages/fd/84/fd2ba7aafacbad3c4201d395674fc6348826569da3c0937e75505ead3528/wcwidth-0.2.13-py2.py3-none-any.whl", hash = "sha256:3da69048e4540d84af32131829ff948f1e022c1c6bdb8d6102117aac784f6859", size = 34166 },
]
